
Microsoft Visual Studio Solution File, Format Version 12.00
# Visual Studio Version 16
VisualStudioVersion = 16.0.31624.102
MinimumVisualStudioVersion = 10.0.40219.1
Project("{FAE04EC0-301F-11D3-BF4B-00C04F79EFBC}") = "Task_01", "Homework_1\Task_01.csproj", "{280951BC-ECBD-4F97-A4CA-F1B93BBD9433}"
EndProject
Project("{FAE04EC0-301F-11D3-BF4B-00C04F79EFBC}") = "Task_02", "Task_02\Task_02.csproj", "{77A988B7-D99F-431F-AB8E-6F818F6BDF2B}"
EndProject
Project("{FAE04EC0-301F-11D3-BF4B-00C04F79EFBC}") = "ASCIIDecoder", "ASCIIDecoder\ASCIIDecoder.csproj", "{395D45A4-4A5E-4B1D-8587-A53F25A48A59}"
EndProject
Project("{FAE04EC0-301F-11D3-BF4B-00C04F79EFBC}") = "Task_04", "Task_04\Task_04.csproj", "{0DC470EC-B217-4E68-8A3A-BECB2C901926}"
EndProject
Project("{FAE04EC0-301F-11D3-BF4B-00C04F79EFBC}") = "Task_05", "Task_05\Task_05.csproj", "{650A830B-E7ED-4A9B-8616-B1EEFDB5BB94}"
EndProject
Global
	GlobalSection(SolutionConfigurationPlatforms) = preSolution
		Debug|Any CPU = Debug|Any CPU
		Release|Any CPU = Release|Any CPU
	EndGlobalSection
	GlobalSection(ProjectConfigurationPlatforms) = postSolution
		{280951BC-ECBD-4F97-A4CA-F1B93BBD9433}.Debug|Any CPU.ActiveCfg = Debug|Any CPU
		{280951BC-ECBD-4F97-A4CA-F1B93BBD9433}.Debug|Any CPU.Build.0 = Debug|Any CPU
		{280951BC-ECBD-4F97-A4CA-F1B93BBD9433}.Release|Any CPU.ActiveCfg = Release|Any CPU
		{280951BC-ECBD-4F97-A4CA-F1B93BBD9433}.Release|Any CPU.Build.0 = Release|Any CPU
		{77A988B7-D99F-431F-AB8E-6F818F6BDF2B}.Debug|Any CPU.ActiveCfg = Debug|Any CPU
		{77A988B7-D99F-431F-AB8E-6F818F6BDF2B}.Debug|Any CPU.Build.0 = Debug|Any CPU
		{77A988B7-D99F-431F-AB8E-6F818F6BDF2B}.Release|Any CPU.ActiveCfg = Release|Any CPU
		{77A988B7-D99F-431F-AB8E-6F818F6BDF2B}.Release|Any CPU.Build.0 = Release|Any CPU
		{395D45A4-4A5E-4B1D-8587-A53F25A48A59}.Debug|Any CPU.ActiveCfg = Debug|Any CPU
		{395D45A4-4A5E-4B1D-8587-A53F25A48A59}.Debug|Any CPU.Build.0 = Debug|Any CPU
		{395D45A4-4A5E-4B1D-8587-A53F25A48A59}.Release|Any CPU.ActiveCfg = Release|Any CPU
		{395D45A4-4A5E-4B1D-8587-A53F25A48A59}.Release|Any CPU.Build.0 = Release|Any CPU
		{0DC470EC-B217-4E68-8A3A-BECB2C901926}.Debug|Any CPU.ActiveCfg = Debug|Any CPU
		{0DC470EC-B217-4E68-8A3A-BECB2C901926}.Debug|Any CPU.Build.0 = Debug|Any CPU
		{0DC470EC-B217-4E68-8A3A-BECB2C901926}.Release|Any CPU.ActiveCfg = Release|Any CPU
		{0DC470EC-B217-4E68-8A3A-BECB2C901926}.Release|Any CPU.Build.0 = Release|Any CPU
		{650A830B-E7ED-4A9B-8616-B1EEFDB5BB94}.Debug|Any CPU.ActiveCfg = Debug|Any CPU
		{650A830B-E7ED-4A9B-8616-B1EEFDB5BB94}.Debug|Any CPU.Build.0 = Debug|Any CPU
		{650A830B-E7ED-4A9B-8616-B1EEFDB5BB94}.Release|Any CPU.ActiveCfg = Release|Any CPU
		{650A830B-E7ED-4A9B-8616-B1EEFDB5BB94}.Release|Any CPU.Build.0 = Release|Any CPU
	EndGlobalSection
	GlobalSection(SolutionProperties) = preSolution
		HideSolutionNode = FALSE
	EndGlobalSection
	GlobalSection(ExtensibilityGlobals) = postSolution
		SolutionGuid = {F6850522-C20C-4440-93EC-E8D9C79550EF}
	EndGlobalSection
EndGlobal
